
Microsoft Visual Studio Solution File, Format Version 12.00
# Visual Studio 14
VisualStudioVersion = 14.0.23107.0
MinimumVisualStudioVersion = 10.0.40219.1
Project("{FAE04EC0-301F-11D3-BF4B-00C04F79EFBC}") = "Sender", "Sender\Sender.csproj", "{C03B55BD-2034-4FE5-B969-062A7CF00507}"
EndProject
Project("{FAE04EC0-301F-11D3-BF4B-00C04F79EFBC}") = "Receiver", "Receiver\Receiver.csproj", "{CCEC8C08-E505-4EE1-B939-A857CB7229E9}"
EndProject
Project("{FAE04EC0-301F-11D3-BF4B-00C04F79EFBC}") = "Messages", "Messages\Messages.csproj", "{F6D3023F-1C2A-4F41-94AD-6C713AD6397B}"
EndProject
Global
	GlobalSection(SolutionConfigurationPlatforms) = preSolution
		Debug|Any CPU = Debug|Any CPU
		Release|Any CPU = Release|Any CPU
	EndGlobalSection
	GlobalSection(ProjectConfigurationPlatforms) = postSolution
		{C03B55BD-2034-4FE5-B969-062A7CF00507}.Debug|Any CPU.ActiveCfg = Debug|Any CPU
		{C03B55BD-2034-4FE5-B969-062A7CF00507}.Debug|Any CPU.Build.0 = Debug|Any CPU
		{C03B55BD-2034-4FE5-B969-062A7CF00507}.Release|Any CPU.ActiveCfg = Release|Any CPU
		{C03B55BD-2034-4FE5-B969-062A7CF00507}.Release|Any CPU.Build.0 = Release|Any CPU
		{CCEC8C08-E505-4EE1-B939-A857CB7229E9}.Debug|Any CPU.ActiveCfg = Debug|Any CPU
		{CCEC8C08-E505-4EE1-B939-A857CB7229E9}.Debug|Any CPU.Build.0 = Debug|Any CPU
		{CCEC8C08-E505-4EE1-B939-A857CB7229E9}.Release|Any CPU.ActiveCfg = Release|Any CPU
		{CCEC8C08-E505-4EE1-B939-A857CB7229E9}.Release|Any CPU.Build.0 = Release|Any CPU
		{F6D3023F-1C2A-4F41-94AD-6C713AD6397B}.Debug|Any CPU.ActiveCfg = Debug|Any CPU
		{F6D3023F-1C2A-4F41-94AD-6C713AD6397B}.Debug|Any CPU.Build.0 = Debug|Any CPU
		{F6D3023F-1C2A-4F41-94AD-6C713AD6397B}.Release|Any CPU.ActiveCfg = Release|Any CPU
		{F6D3023F-1C2A-4F41-94AD-6C713AD6397B}.Release|Any CPU.Build.0 = Release|Any CPU
	EndGlobalSection
	GlobalSection(SolutionProperties) = preSolution
		HideSolutionNode = FALSE
	EndGlobalSection
EndGlobal
